
Microsoft Visual Studio Solution File, Format Version 12.00
# Visual Studio 15
VisualStudioVersion = 15.0.28307.1259
MinimumVisualStudioVersion = 10.0.40219.1
Project("{FAE04EC0-301F-11D3-BF4B-00C04F79EFBC}") = "SmoothMouse", "SmoothMouse.csproj", "{53B53968-536D-47E8-9E91-7E05BE3BCCC0}"
EndProject
Global
	GlobalSection(SolutionConfigurationPlatforms) = preSolution
		Debug|x64 = Debug|x64
		Release|x64 = Release|x64
	EndGlobalSection
	GlobalSection(ProjectConfigurationPlatforms) = postSolution
		{53B53968-536D-47E8-9E91-7E05BE3BCCC0}.Debug|x64.ActiveCfg = Debug|x64
		{53B53968-536D-47E8-9E91-7E05BE3BCCC0}.Debug|x64.Build.0 = Debug|x64
		{53B53968-536D-47E8-9E91-7E05BE3BCCC0}.Release|x64.ActiveCfg = Release|x64
		{53B53968-536D-47E8-9E91-7E05BE3BCCC0}.Release|x64.Build.0 = Release|x64
	EndGlobalSection
	GlobalSection(SolutionProperties) = preSolution
		HideSolutionNode = FALSE
	EndGlobalSection
	GlobalSection(ExtensibilityGlobals) = postSolution
		SolutionGuid = {928356DC-3268-4E9B-9429-F9216557C392}
	EndGlobalSection
EndGlobal
